
Microsoft Visual Studio Solution File, Format Version 12.00
# Visual Studio Version 16
VisualStudioVersion = 16.0.31205.134
MinimumVisualStudioVersion = 10.0.40219.1
Project("{FAE04EC0-301F-11D3-BF4B-00C04F79EFBC}") = "Cocktail_H3", "Cocktail_H3\Cocktail_H3.csproj", "{DA683965-EC73-4630-AFA6-D855727506B6}"
EndProject
Global
	GlobalSection(SolutionConfigurationPlatforms) = preSolution
		Debug|Any CPU = Debug|Any CPU
		Release|Any CPU = Release|Any CPU
	EndGlobalSection
	GlobalSection(ProjectConfigurationPlatforms) = postSolution
		{DA683965-EC73-4630-AFA6-D855727506B6}.Debug|Any CPU.ActiveCfg = Debug|Any CPU
		{DA683965-EC73-4630-AFA6-D855727506B6}.Debug|Any CPU.Build.0 = Debug|Any CPU
		{DA683965-EC73-4630-AFA6-D855727506B6}.Release|Any CPU.ActiveCfg = Release|Any CPU
		{DA683965-EC73-4630-AFA6-D855727506B6}.Release|Any CPU.Build.0 = Release|Any CPU
	EndGlobalSection
	GlobalSection(SolutionProperties) = preSolution
		HideSolutionNode = FALSE
	EndGlobalSection
	GlobalSection(ExtensibilityGlobals) = postSolution
		SolutionGuid = {4AD4293A-B8B5-4EA9-9B1A-D6EBC30E36DE}
	EndGlobalSection
EndGlobal
